
Microsoft Visual Studio Solution File, Format Version 12.00
# Visual Studio 15
VisualStudioVersion = 15.0.27130.2010
MinimumVisualStudioVersion = 10.0.40219.1
Project("{FAE04EC0-301F-11D3-BF4B-00C04F79EFBC}") = "SquaredRandoms", "SquaredRandoms\SquaredRandoms.csproj", "{78C333C0-1C97-42B4-8AE8-F0389CBDB766}"
EndProject
Global
	GlobalSection(SolutionConfigurationPlatforms) = preSolution
		Debug|Any CPU = Debug|Any CPU
		Release|Any CPU = Release|Any CPU
	EndGlobalSection
	GlobalSection(ProjectConfigurationPlatforms) = postSolution
		{78C333C0-1C97-42B4-8AE8-F0389CBDB766}.Debug|Any CPU.ActiveCfg = Debug|Any CPU
		{78C333C0-1C97-42B4-8AE8-F0389CBDB766}.Debug|Any CPU.Build.0 = Debug|Any CPU
		{78C333C0-1C97-42B4-8AE8-F0389CBDB766}.Release|Any CPU.ActiveCfg = Release|Any CPU
		{78C333C0-1C97-42B4-8AE8-F0389CBDB766}.Release|Any CPU.Build.0 = Release|Any CPU
	EndGlobalSection
	GlobalSection(SolutionProperties) = preSolution
		HideSolutionNode = FALSE
	EndGlobalSection
	GlobalSection(ExtensibilityGlobals) = postSolution
		SolutionGuid = {16E2D1B3-1861-4F84-891C-BB16B90EF401}
	EndGlobalSection
EndGlobal
